
Microsoft Visual Studio Solution File, Format Version 12.00
# Visual Studio Version 17
VisualStudioVersion = 17.11.35312.102
MinimumVisualStudioVersion = 10.0.40219.1
Project("{FAE04EC0-301F-11D3-BF4B-00C04F79EFBC}") = "Backend", "Backend\Backend.csproj", "{5437934B-0EF5-495A-A072-4D0CA6F5FC37}"
EndProject
Global
	GlobalSection(SolutionConfigurationPlatforms) = preSolution
		Debug|Any CPU = Debug|Any CPU
		Release|Any CPU = Release|Any CPU
	EndGlobalSection
	GlobalSection(ProjectConfigurationPlatforms) = postSolution
		{5437934B-0EF5-495A-A072-4D0CA6F5FC37}.Debug|Any CPU.ActiveCfg = Debug|Any CPU
		{5437934B-0EF5-495A-A072-4D0CA6F5FC37}.Debug|Any CPU.Build.0 = Debug|Any CPU
		{5437934B-0EF5-495A-A072-4D0CA6F5FC37}.Release|Any CPU.ActiveCfg = Release|Any CPU
		{5437934B-0EF5-495A-A072-4D0CA6F5FC37}.Release|Any CPU.Build.0 = Release|Any CPU
	EndGlobalSection
	GlobalSection(SolutionProperties) = preSolution
		HideSolutionNode = FALSE
	EndGlobalSection
	GlobalSection(ExtensibilityGlobals) = postSolution
		SolutionGuid = {A7AC837A-2527-4D82-920C-A7F870D3AED7}
	EndGlobalSection
EndGlobal
